
Microsoft Visual Studio Solution File, Format Version 12.00
# Visual Studio Version 17
VisualStudioVersion = 17.3.32922.545
MinimumVisualStudioVersion = 10.0.40219.1
Project("{FAE04EC0-301F-11D3-BF4B-00C04F79EFBC}") = "LAB_030323", "LAB_030323\LAB_030323.csproj", "{6FE1EAD9-828A-4DD9-9580-E4895C7C8661}"
EndProject
Global
	GlobalSection(SolutionConfigurationPlatforms) = preSolution
		Debug|Any CPU = Debug|Any CPU
		Release|Any CPU = Release|Any CPU
	EndGlobalSection
	GlobalSection(ProjectConfigurationPlatforms) = postSolution
		{6FE1EAD9-828A-4DD9-9580-E4895C7C8661}.Debug|Any CPU.ActiveCfg = Debug|Any CPU
		{6FE1EAD9-828A-4DD9-9580-E4895C7C8661}.Debug|Any CPU.Build.0 = Debug|Any CPU
		{6FE1EAD9-828A-4DD9-9580-E4895C7C8661}.Release|Any CPU.ActiveCfg = Release|Any CPU
		{6FE1EAD9-828A-4DD9-9580-E4895C7C8661}.Release|Any CPU.Build.0 = Release|Any CPU
	EndGlobalSection
	GlobalSection(SolutionProperties) = preSolution
		HideSolutionNode = FALSE
	EndGlobalSection
	GlobalSection(ExtensibilityGlobals) = postSolution
		SolutionGuid = {7DE2F65C-15D4-4320-824C-CF2FE7B09EE6}
	EndGlobalSection
EndGlobal
